// !$*UTF8*$!
{
	archiveVersion = 1;
	classes = {
	};
	objectVersion = 46;
	objects = {

/* Begin PBXBuildFile section */
		F227C9191ECC61B500D6ADDA /* QLHJDoubleColorLabel.m in Sources */ = {isa = PBXBuildFile; fileRef = F227C9181ECC61B500D6ADDA /* QLHJDoubleColorLabel.m */; };
		F227C9371ECC61E600D6ADDA /* LICENSE in Resources */ = {isa = PBXBuildFile; fileRef = F227C91B1ECC61E600D6ADDA /* LICENSE */; };
		F227C9381ECC61E600D6ADDA /* MASCompositeConstraint.m in Sources */ = {isa = PBXBuildFile; fileRef = F227C91E1ECC61E600D6ADDA /* MASCompositeConstraint.m */; };
		F227C9391ECC61E600D6ADDA /* MASConstraint.m in Sources */ = {isa = PBXBuildFile; fileRef = F227C9211ECC61E600D6ADDA /* MASConstraint.m */; };
		F227C93A1ECC61E600D6ADDA /* MASConstraintMaker.m in Sources */ = {isa = PBXBuildFile; fileRef = F227C9231ECC61E600D6ADDA /* MASConstraintMaker.m */; };
		F227C93B1ECC61E600D6ADDA /* MASLayoutConstraint.m in Sources */ = {isa = PBXBuildFile; fileRef = F227C9251ECC61E600D6ADDA /* MASLayoutConstraint.m */; };
		F227C93C1ECC61E600D6ADDA /* MASViewAttribute.m in Sources */ = {isa = PBXBuildFile; fileRef = F227C9291ECC61E600D6ADDA /* MASViewAttribute.m */; };
		F227C93D1ECC61E600D6ADDA /* MASViewConstraint.m in Sources */ = {isa = PBXBuildFile; fileRef = F227C92B1ECC61E600D6ADDA /* MASViewConstraint.m */; };
		F227C93E1ECC61E600D6ADDA /* NSArray+MASAdditions.m in Sources */ = {isa = PBXBuildFile; fileRef = F227C92D1ECC61E600D6ADDA /* NSArray+MASAdditions.m */; };
		F227C93F1ECC61E600D6ADDA /* NSLayoutConstraint+MASDebugAdditions.m in Sources */ = {isa = PBXBuildFile; fileRef = F227C9301ECC61E600D6ADDA /* NSLayoutConstraint+MASDebugAdditions.m */; };
		F227C9401ECC61E600D6ADDA /* View+MASAdditions.m in Sources */ = {isa = PBXBuildFile; fileRef = F227C9321ECC61E600D6ADDA /* View+MASAdditions.m */; };
		F227C9411ECC61E600D6ADDA /* ViewController+MASAdditions.m in Sources */ = {isa = PBXBuildFile; fileRef = F227C9351ECC61E600D6ADDA /* ViewController+MASAdditions.m */; };
		F227C9421ECC61E600D6ADDA /* README.md in Sources */ = {isa = PBXBuildFile; fileRef = F227C9361ECC61E600D6ADDA /* README.md */; };
		F289BDB91ECC5EE400E1239E /* main.m in Sources */ = {isa = PBXBuildFile; fileRef = F289BDB81ECC5EE400E1239E /* main.m */; };
		F289BDBC1ECC5EE400E1239E /* AppDelegate.m in Sources */ = {isa = PBXBuildFile; fileRef = F289BDBB1ECC5EE400E1239E /* AppDelegate.m */; };
		F289BDBF1ECC5EE400E1239E /* ViewController.m in Sources */ = {isa = PBXBuildFile; fileRef = F289BDBE1ECC5EE400E1239E /* ViewController.m */; };
		F289BDC21ECC5EE400E1239E /* Main.storyboard in Resources */ = {isa = PBXBuildFile; fileRef = F289BDC01ECC5EE400E1239E /* Main.storyboard */; };
		F289BDC41ECC5EE400E1239E /* Assets.xcassets in Resources */ = {isa = PBXBuildFile; fileRef = F289BDC31ECC5EE400E1239E /* Assets.xcassets */; };
		F289BDC71ECC5EE400E1239E /* LaunchScreen.storyboard in Resources */ = {isa = PBXBuildFile; fileRef = F289BDC51ECC5EE400E1239E /* LaunchScreen.storyboard */; };
		F289BDD21ECC5EE400E1239E /* PGDoubleColorLabelTests.m in Sources */ = {isa = PBXBuildFile; fileRef = F289BDD11ECC5EE400E1239E /* PGDoubleColorLabelTests.m */; };
		F289BDDD1ECC5EE400E1239E /* PGDoubleColorLabelUITests.m in Sources */ = {isa = PBXBuildFile; fileRef = F289BDDC1ECC5EE400E1239E /* PGDoubleColorLabelUITests.m */; };
/* End PBXBuildFile section */

/* Begin PBXContainerItemProxy section */
		F289BDCE1ECC5EE400E1239E /* PBXContainerItemProxy */ = {
			isa = PBXContainerItemProxy;
			containerPortal = F289BDAC1ECC5EE400E1239E /* Project object */;
			proxyType = 1;
			remoteGlobalIDString = F289BDB31ECC5EE400E1239E;
			remoteInfo = PGDoubleColorLabel;
		};
		F289BDD91ECC5EE400E1239E /* PBXContainerItemProxy */ = {
			isa = PBXContainerItemProxy;
			containerPortal = F289BDAC1ECC5EE400E1239E /* Project object */;
			proxyType = 1;
			remoteGlobalIDString = F289BDB31ECC5EE400E1239E;
			remoteInfo = PGDoubleColorLabel;
		};
/* End PBXContainerItemProxy section */

/* Begin PBXFileReference section */
		F227C9171ECC61B500D6ADDA /* QLHJDoubleColorLabel.h */ = {isa = PBXFileReference; fileEncoding = 4; lastKnownFileType = sourcecode.c.h; path = QLHJDoubleColorLabel.h; sourceTree = "<group>"; };
		F227C9181ECC61B500D6ADDA /* QLHJDoubleColorLabel.m */ = {isa = PBXFileReference; fileEncoding = 4; lastKnownFileType = sourcecode.c.objc; path = QLHJDoubleColorLabel.m; sourceTree = "<group>"; };
		F227C91B1ECC61E600D6ADDA /* LICENSE */ = {isa = PBXFileReference; fileEncoding = 4; lastKnownFileType = text; path = LICENSE; sourceTree = "<group>"; };
		F227C91D1ECC61E600D6ADDA /* MASCompositeConstraint.h */ = {isa = PBXFileReference; fileEncoding = 4; lastKnownFileType = sourcecode.c.h; path = MASCompositeConstraint.h; sourceTree = "<group>"; };
		F227C91E1ECC61E600D6ADDA /* MASCompositeConstraint.m */ = {isa = PBXFileReference; fileEncoding = 4; lastKnownFileType = sourcecode.c.objc; path = MASCompositeConstraint.m; sourceTree = "<group>"; };
		F227C91F1ECC61E600D6ADDA /* MASConstraint+Private.h */ = {isa = PBXFileReference; fileEncoding = 4; lastKnownFileType = sourcecode.c.h; path = "MASConstraint+Private.h"; sourceTree = "<group>"; };
		F227C9201ECC61E600D6ADDA /* MASConstraint.h */ = {isa = PBXFileReference; fileEncoding = 4; lastKnownFileType = sourcecode.c.h; path = MASConstraint.h; sourceTree = "<group>"; };
		F227C9211ECC61E600D6ADDA /* MASConstraint.m */ = {isa = PBXFileReference; fileEncoding = 4; lastKnownFileType = sourcecode.c.objc; path = MASConstraint.m; sourceTree = "<group>"; };
		F227C9221ECC61E600D6ADDA /* MASConstraintMaker.h */ = {isa = PBXFileReference; fileEncoding = 4; lastKnownFileType = sourcecode.c.h; path = MASConstraintMaker.h; sourceTree = "<group>"; };
		F227C9231ECC61E600D6ADDA /* MASConstraintMaker.m */ = {isa = PBXFileReference; fileEncoding = 4; lastKnownFileType = sourcecode.c.objc; path = MASConstraintMaker.m; sourceTree = "<group>"; };
		F227C9241ECC61E600D6ADDA /* MASLayoutConstraint.h */ = {isa = PBXFileReference; fileEncoding = 4; lastKnownFileType = sourcecode.c.h; path = MASLayoutConstraint.h; sourceTree = "<group>"; };
		F227C9251ECC61E600D6ADDA /* MASLayoutConstraint.m */ = {isa = PBXFileReference; fileEncoding = 4; lastKnownFileType = sourcecode.c.objc; path = MASLayoutConstraint.m; sourceTree = "<group>"; };
		F227C9261ECC61E600D6ADDA /* Masonry.h */ = {isa = PBXFileReference; fileEncoding = 4; lastKnownFileType = sourcecode.c.h; path = Masonry.h; sourceTree = "<group>"; };
		F227C9271ECC61E600D6ADDA /* MASUtilities.h */ = {isa = PBXFileReference; fileEncoding = 4; lastKnownFileType = sourcecode.c.h; path = MASUtilities.h; sourceTree = "<group>"; };
		F227C9281ECC61E600D6ADDA /* MASViewAttribute.h */ = {isa = PBXFileReference; fileEncoding = 4; lastKnownFileType = sourcecode.c.h; path = MASViewAttribute.h; sourceTree = "<group>"; };
		F227C9291ECC61E600D6ADDA /* MASViewAttribute.m */ = {isa = PBXFileReference; fileEncoding = 4; lastKnownFileType = sourcecode.c.objc; path = MASViewAttribute.m; sourceTree = "<group>"; };
		F227C92A1ECC61E600D6ADDA /* MASViewConstraint.h */ = {isa = PBXFileReference; fileEncoding = 4; lastKnownFileType = sourcecode.c.h; path = MASViewConstraint.h; sourceTree = "<group>"; };
		F227C92B1ECC61E600D6ADDA /* MASViewConstraint.m */ = {isa = PBXFileReference; fileEncoding = 4; lastKnownFileType = sourcecode.c.objc; path = MASViewConstraint.m; sourceTree = "<group>"; };
		F227C92C1ECC61E600D6ADDA /* NSArray+MASAdditions.h */ = {isa = PBXFileReference; fileEncoding = 4; lastKnownFileType = sourcecode.c.h; path = "NSArray+MASAdditions.h"; sourceTree = "<group>"; };
		F227C92D1ECC61E600D6ADDA /* NSArray+MASAdditions.m */ = {isa = PBXFileReference; fileEncoding = 4; lastKnownFileType = sourcecode.c.objc; path = "NSArray+MASAdditions.m"; sourceTree = "<group>"; };
		F227C92E1ECC61E600D6ADDA /* NSArray+MASShorthandAdditions.h */ = {isa = PBXFileReference; fileEncoding = 4; lastKnownFileType = sourcecode.c.h; path = "NSArray+MASShorthandAdditions.h"; sourceTree = "<group>"; };
		F227C92F1ECC61E600D6ADDA /* NSLayoutConstraint+MASDebugAdditions.h */ = {isa = PBXFileReference; fileEncoding = 4; lastKnownFileType = sourcecode.c.h; path = "NSLayoutConstraint+MASDebugAdditions.h"; sourceTree = "<group>"; };
		F227C9301ECC61E600D6ADDA /* NSLayoutConstraint+MASDebugAdditions.m */ = {isa = PBXFileReference; fileEncoding = 4; lastKnownFileType = sourcecode.c.objc; path = "NSLayoutConstraint+MASDebugAdditions.m"; sourceTree = "<group>"; };
		F227C9311ECC61E600D6ADDA /* View+MASAdditions.h */ = {isa = PBXFileReference; fileEncoding = 4; lastKnownFileType = sourcecode.c.h; path = "View+MASAdditions.h"; sourceTree = "<group>"; };
		F227C9321ECC61E600D6ADDA /* View+MASAdditions.m */ = {isa = PBXFileReference; fileEncoding = 4; lastKnownFileType = sourcecode.c.objc; path = "View+MASAdditions.m"; sourceTree = "<group>"; };
		F227C9331ECC61E600D6ADDA /* View+MASShorthandAdditions.h */ = {isa = PBXFileReference; fileEncoding = 4; lastKnownFileType = sourcecode.c.h; path = "View+MASShorthandAdditions.h"; sourceTree = "<group>"; };
		F227C9341ECC61E600D6ADDA /* ViewController+MASAdditions.h */ = {isa = PBXFileReference; fileEncoding = 4; lastKnownFileType = sourcecode.c.h; path = "ViewController+MASAdditions.h"; sourceTree = "<group>"; };
		F227C9351ECC61E600D6ADDA /* ViewController+MASAdditions.m */ = {isa = PBXFileReference; fileEncoding = 4; lastKnownFileType = sourcecode.c.objc; path = "ViewController+MASAdditions.m"; sourceTree = "<group>"; };
		F227C9361ECC61E600D6ADDA /* README.md */ = {isa = PBXFileReference; fileEncoding = 4; lastKnownFileType = net.daringfireball.markdown; path = README.md; sourceTree = "<group>"; };
		F289BDB41ECC5EE400E1239E /* PGDoubleColorLabel.app */ = {isa = PBXFileReference; explicitFileType = wrapper.application; includeInIndex = 0; path = PGDoubleColorLabel.app; sourceTree = BUILT_PRODUCTS_DIR; };
		F289BDB81ECC5EE400E1239E /* main.m */ = {isa = PBXFileReference; lastKnownFileType = sourcecode.c.objc; path = main.m; sourceTree = "<group>"; };
		F289BDBA1ECC5EE400E1239E /* AppDelegate.h */ = {isa = PBXFileReference; lastKnownFileType = sourcecode.c.h; path = AppDelegate.h; sourceTree = "<group>"; };
		F289BDBB1ECC5EE400E1239E /* AppDelegate.m */ = {isa = PBXFileReference; lastKnownFileType = sourcecode.c.objc; path = AppDelegate.m; sourceTree = "<group>"; };
		F289BDBD1ECC5EE400E1239E /* ViewController.h */ = {isa = PBXFileReference; lastKnownFileType = sourcecode.c.h; path = ViewController.h; sourceTree = "<group>"; };
		F289BDBE1ECC5EE400E1239E /* ViewController.m */ = {isa = PBXFileReference; lastKnownFileType = sourcecode.c.objc; path = ViewController.m; sourceTree = "<group>"; };
		F289BDC11ECC5EE400E1239E /* Base */ = {isa = PBXFileReference; lastKnownFileType = file.storyboard; name = Base; path = Base.lproj/Main.storyboard; sourceTree = "<group>"; };
		F289BDC31ECC5EE400E1239E /* Assets.xcassets */ = {isa = PBXFileReference; lastKnownFileType = folder.assetcatalog; path = Assets.xcassets; sourceTree = "<group>"; };
		F289BDC61ECC5EE400E1239E /* Base */ = {isa = PBXFileReference; lastKnownFileType = file.storyboard; name = Base; path = Base.lproj/LaunchScreen.storyboard; sourceTree = "<group>"; };
		F289BDC81ECC5EE400E1239E /* Info.plist */ = {isa = PBXFileReference; lastKnownFileType = text.plist.xml; path = Info.plist; sourceTree = "<group>"; };
		F289BDCD1ECC5EE400E1239E /* PGDoubleColorLabelTests.xctest */ = {isa = PBXFileReference; explicitFileType = wrapper.cfbundle; includeInIndex = 0; path = PGDoubleColorLabelTests.xctest; sourceTree = BUILT_PRODUCTS_DIR; };
		F289BDD11ECC5EE400E1239E /* PGDoubleColorLabelTests.m */ = {isa = PBXFileReference; lastKnownFileType = sourcecode.c.objc; path = PGDoubleColorLabelTests.m; sourceTree = "<group>"; };
		F289BDD31ECC5EE400E1239E /* Info.plist */ = {isa = PBXFileReference; lastKnownFileType = text.plist.xml; path = Info.plist; sourceTree = "<group>"; };
		F289BDD81ECC5EE400E1239E /* PGDoubleColorLabelUITests.xctest */ = {isa = PBXFileReference; explicitFileType = wrapper.cfbundle; includeInIndex = 0; path = PGDoubleColorLabelUITests.xctest; sourceTree = BUILT_PRODUCTS_DIR; };
		F289BDDC1ECC5EE400E1239E /* PGDoubleColorLabelUITests.m */ = {isa = PBXFileReference; lastKnownFileType = sourcecode.c.objc; path = PGDoubleColorLabelUITests.m; sourceTree = "<group>"; };
		F289BDDE1ECC5EE400E1239E /* Info.plist */ = {isa = PBXFileReference; lastKnownFileType = text.plist.xml; path = Info.plist; sourceTree = "<group>"; };
/* End PBXFileReference section */

/* Begin PBXFrameworksBuildPhase section */
		F289BDB11ECC5EE400E1239E /* Frameworks */ = {
			isa = PBXFrameworksBuildPhase;
			buildActionMask = 2147483647;
			files = (
			);
			runOnlyForDeploymentPostprocessing = 0;
		};
		F289BDCA1ECC5EE400E1239E /* Frameworks */ = {
			isa = PBXFrameworksBuildPhase;
			buildActionMask = 2147483647;
			files = (
			);
			runOnlyForDeploymentPostprocessing = 0;
		};
		F289BDD51ECC5EE400E1239E /* Frameworks */ = {
			isa = PBXFrameworksBuildPhase;
			buildActionMask = 2147483647;
			files = (
			);
			runOnlyForDeploymentPostprocessing = 0;
		};
/* End PBXFrameworksBuildPhase section */

/* Begin PBXGroup section */
		F227C9161ECC619D00D6ADDA /* PGDoubleColorLabel */ = {
			isa = PBXGroup;
			children = (
				F227C9171ECC61B500D6ADDA /* QLHJDoubleColorLabel.h */,
				F227C9181ECC61B500D6ADDA /* QLHJDoubleColorLabel.m */,
			);
			path = PGDoubleColorLabel;
			sourceTree = "<group>";
		};
		F227C91A1ECC61E600D6ADDA /* Masonry */ = {
			isa = PBXGroup;
			children = (
				F227C91B1ECC61E600D6ADDA /* LICENSE */,
				F227C91C1ECC61E600D6ADDA /* Masonry */,
				F227C9361ECC61E600D6ADDA /* README.md */,
			);
			path = Masonry;
			sourceTree = "<group>";
		};
		F227C91C1ECC61E600D6ADDA /* Masonry */ = {
			isa = PBXGroup;
			children = (
				F227C91D1ECC61E600D6ADDA /* MASCompositeConstraint.h */,
				F227C91E1ECC61E600D6ADDA /* MASCompositeConstraint.m */,
				F227C91F1ECC61E600D6ADDA /* MASConstraint+Private.h */,
				F227C9201ECC61E600D6ADDA /* MASConstraint.h */,
				F227C9211ECC61E600D6ADDA /* MASConstraint.m */,
				F227C9221ECC61E600D6ADDA /* MASConstraintMaker.h */,
				F227C9231ECC61E600D6ADDA /* MASConstraintMaker.m */,
				F227C9241ECC61E600D6ADDA /* MASLayoutConstraint.h */,
				F227C9251ECC61E600D6ADDA /* MASLayoutConstraint.m */,
				F227C9261ECC61E600D6ADDA /* Masonry.h */,
				F227C9271ECC61E600D6ADDA /* MASUtilities.h */,
				F227C9281ECC61E600D6ADDA /* MASViewAttribute.h */,
				F227C9291ECC61E600D6ADDA /* MASViewAttribute.m */,
				F227C92A1ECC61E600D6ADDA /* MASViewConstraint.h */,
				F227C92B1ECC61E600D6ADDA /* MASViewConstraint.m */,
				F227C92C1ECC61E600D6ADDA /* NSArray+MASAdditions.h */,
				F227C92D1ECC61E600D6ADDA /* NSArray+MASAdditions.m */,
				F227C92E1ECC61E600D6ADDA /* NSArray+MASShorthandAdditions.h */,
				F227C92F1ECC61E600D6ADDA /* NSLayoutConstraint+MASDebugAdditions.h */,
				F227C9301ECC61E600D6ADDA /* NSLayoutConstraint+MASDebugAdditions.m */,
				F227C9311ECC61E600D6ADDA /* View+MASAdditions.h */,
				F227C9321ECC61E600D6ADDA /* View+MASAdditions.m */,
				F227C9331ECC61E600D6ADDA /* View+MASShorthandAdditions.h */,
				F227C9341ECC61E600D6ADDA /* ViewController+MASAdditions.h */,
				F227C9351ECC61E600D6ADDA /* ViewController+MASAdditions.m */,
			);
			path = Masonry;
			sourceTree = "<group>";
		};
		F289BDAB1ECC5EE400E1239E = {
			isa = PBXGroup;
			children = (
				F289BDB61ECC5EE400E1239E /* PGDoubleColorLabel */,
				F289BDD01ECC5EE400E1239E /* PGDoubleColorLabelTests */,
				F289BDDB1ECC5EE400E1239E /* PGDoubleColorLabelUITests */,
				F289BDB51ECC5EE400E1239E /* Products */,
			);
			sourceTree = "<group>";
		};
		F289BDB51ECC5EE400E1239E /* Products */ = {
			isa = PBXGroup;
			children = (
				F289BDB41ECC5EE400E1239E /* PGDoubleColorLabel.app */,
				F289BDCD1ECC5EE400E1239E /* PGDoubleColorLabelTests.xctest */,
				F289BDD81ECC5EE400E1239E /* PGDoubleColorLabelUITests.xctest */,
			);
			name = Products;
			sourceTree = "<group>";
		};
		F289BDB61ECC5EE400E1239E /* PGDoubleColorLabel */ = {
			isa = PBXGroup;
			children = (
				F227C9161ECC619D00D6ADDA /* PGDoubleColorLabel */,
				F289BDBA1ECC5EE400E1239E /* AppDelegate.h */,
				F289BDBB1ECC5EE400E1239E /* AppDelegate.m */,
				F289BDBD1ECC5EE400E1239E /* ViewController.h */,
				F289BDBE1ECC5EE400E1239E /* ViewController.m */,
				F289BDC01ECC5EE400E1239E /* Main.storyboard */,
				F289BDC31ECC5EE400E1239E /* Assets.xcassets */,
				F289BDC51ECC5EE400E1239E /* LaunchScreen.storyboard */,
				F289BDC81ECC5EE400E1239E /* Info.plist */,
				F289BDB71ECC5EE400E1239E /* Supporting Files */,
			);
			path = PGDoubleColorLabel;
			sourceTree = "<group>";
		};
		F289BDB71ECC5EE400E1239E /* Supporting Files */ = {
			isa = PBXGroup;
			children = (
				F227C91A1ECC61E600D6ADDA /* Masonry */,
				F289BDB81ECC5EE400E1239E /* main.m */,
			);
			name = "Supporting Files";
			sourceTree = "<group>";
		};
		F289BDD01ECC5EE400E1239E /* PGDoubleColorLabelTests */ = {
			isa = PBXGroup;
			children = (
				F289BDD11ECC5EE400E1239E /* PGDoubleColorLabelTests.m */,
				F289BDD31ECC5EE400E1239E /* Info.plist */,
			);
			path = PGDoubleColorLabelTests;
			sourceTree = "<group>";
		};
		F289BDDB1ECC5EE400E1239E /* PGDoubleColorLabelUITests */ = {
			isa = PBXGroup;
			children = (
				F289BDDC1ECC5EE400E1239E /* PGDoubleColorLabelUITests.m */,
				F289BDDE1ECC5EE400E1239E /* Info.plist */,
			);
			path = PGDoubleColorLabelUITests;
			sourceTree = "<group>";
		};
/* End PBXGroup section */

/* Begin PBXNativeTarget section */
		F289BDB31ECC5EE400E1239E /* PGDoubleColorLabel */ = {
			isa = PBXNativeTarget;
			buildConfigurationList = F289BDE11ECC5EE400E1239E /* Build configuration list for PBXNativeTarget "PGDoubleColorLabel" */;
			buildPhases = (
				F289BDB01ECC5EE400E1239E /* Sources */,
				F289BDB11ECC5EE400E1239E /* Frameworks */,
				F289BDB21ECC5EE400E1239E /* Resources */,
			);
			buildRules = (
			);
			dependencies = (
			);
			name = PGDoubleColorLabel;
			productName = PGDoubleColorLabel;
			productReference = F289BDB41ECC5EE400E1239E /* PGDoubleColorLabel.app */;
			productType = "com.apple.product-type.application";
		};
		F289BDCC1ECC5EE400E1239E /* PGDoubleColorLabelTests */ = {
			isa = PBXNativeTarget;
			buildConfigurationList = F289BDE41ECC5EE400E1239E /* Build configuration list for PBXNativeTarget "PGDoubleColorLabelTests" */;
			buildPhases = (
				F289BDC91ECC5EE400E1239E /* Sources */,
				F289BDCA1ECC5EE400E1239E /* Frameworks */,
				F289BDCB1ECC5EE400E1239E /* Resources */,
			);
			buildRules = (
			);
			dependencies = (
				F289BDCF1ECC5EE400E1239E /* PBXTargetDependency */,
			);
			name = PGDoubleColorLabelTests;
			productName = PGDoubleColorLabelTests;
			productReference = F289BDCD1ECC5EE400E1239E /* PGDoubleColorLabelTests.xctest */;
			productType = "com.apple.product-type.bundle.unit-test";
		};
		F289BDD71ECC5EE400E1239E /* PGDoubleColorLabelUITests */ = {
			isa = PBXNativeTarget;
			buildConfigurationList = F289BDE71ECC5EE400E1239E /* Build configuration list for PBXNativeTarget "PGDoubleColorLabelUITests" */;
			buildPhases = (
				F289BDD41ECC5EE400E1239E /* Sources */,
				F289BDD51ECC5EE400E1239E /* Frameworks */,
				F289BDD61ECC5EE400E1239E /* Resources */,
			);
			buildRules = (
			);
			dependencies = (
				F289BDDA1ECC5EE400E1239E /* PBXTargetDependency */,
			);
			name = PGDoubleColorLabelUITests;
			productName = PGDoubleColorLabelUITests;
			productReference = F289BDD81ECC5EE400E1239E /* PGDoubleColorLabelUITests.xctest */;
			productType = "com.apple.product-type.bundle.ui-testing";
		};
/* End PBXNativeTarget section */

/* Begin PBXProject section */
		F289BDAC1ECC5EE400E1239E /* Project object */ = {
			isa = PBXProject;
			attributes = {
				LastUpgradeCheck = 0830;
				ORGANIZATIONNAME = "张培根";
				TargetAttributes = {
					F289BDB31ECC5EE400E1239E = {
						CreatedOnToolsVersion = 8.3.2;
						DevelopmentTeam = Q6LCYLPS2K;
						ProvisioningStyle = Automatic;
					};
					F289BDCC1ECC5EE400E1239E = {
						CreatedOnToolsVersion = 8.3.2;
						DevelopmentTeam = Q6LCYLPS2K;
						ProvisioningStyle = Automatic;
						TestTargetID = F289BDB31ECC5EE400E1239E;
					};
					F289BDD71ECC5EE400E1239E = {
						CreatedOnToolsVersion = 8.3.2;
						DevelopmentTeam = Q6LCYLPS2K;
						ProvisioningStyle = Automatic;
						TestTargetID = F289BDB31ECC5EE400E1239E;
					};
				};
			};
			buildConfigurationList = F289BDAF1ECC5EE400E1239E /* Build configuration list for PBXProject "PGDoubleColorLabel" */;
			compatibilityVersion = "Xcode 3.2";
			developmentRegion = English;
			hasScannedForEncodings = 0;
			knownRegions = (
				en,
				Base,
			);
			mainGroup = F289BDAB1ECC5EE400E1239E;
			productRefGroup = F289BDB51ECC5EE400E1239E /* Products */;
			projectDirPath = "";
			projectRoot = "";
			targets = (
				F289BDB31ECC5EE400E1239E /* PGDoubleColorLabel */,
				F289BDCC1ECC5EE400E1239E /* PGDoubleColorLabelTests */,
				F289BDD71ECC5EE400E1239E /* PGDoubleColorLabelUITests */,
			);
		};
/* End PBXProject section */

/* Begin PBXResourcesBuildPhase section */
		F289BDB21ECC5EE400E1239E /* Resources */ = {
			isa = PBXResourcesBuildPhase;
			buildActionMask = 2147483647;
			files = (
				F289BDC71ECC5EE400E1239E /* LaunchScreen.storyboard in Resources */,
				F289BDC41ECC5EE400E1239E /* Assets.xcassets in Resources */,
				F227C9371ECC61E600D6ADDA /* LICENSE in Resources */,
				F289BDC21ECC5EE400E1239E /* Main.storyboard in Resources */,
			);
			runOnlyForDeploymentPostprocessing = 0;
		};
		F289BDCB1ECC5EE400E1239E /* Resources */ = {
			isa = PBXResourcesBuildPhase;
			buildActionMask = 2147483647;
			files = (
			);
			runOnlyForDeploymentPostprocessing = 0;
		};
		F289BDD61ECC5EE400E1239E /* Resources */ = {
			isa = PBXResourcesBuildPhase;
			buildActionMask = 2147483647;
			files = (
			);
			runOnlyForDeploymentPostprocessing = 0;
		};
/* End PBXResourcesBuildPhase section */

/* Begin PBXSourcesBuildPhase section */
		F289BDB01ECC5EE400E1239E /* Sources */ = {
			isa = PBXSourcesBuildPhase;
			buildActionMask = 2147483647;
			files = (
				F227C93A1ECC61E600D6ADDA /* MASConstraintMaker.m in Sources */,
				F289BDBF1ECC5EE400E1239E /* ViewController.m in Sources */,
				F289BDBC1ECC5EE400E1239E /* AppDelegate.m in Sources */,
				F227C9391ECC61E600D6ADDA /* MASConstraint.m in Sources */,
				F227C9411ECC61E600D6ADDA /* ViewController+MASAdditions.m in Sources */,
				F227C93B1ECC61E600D6ADDA /* MASLayoutConstraint.m in Sources */,
				F227C93E1ECC61E600D6ADDA /* NSArray+MASAdditions.m in Sources */,
				F227C93D1ECC61E600D6ADDA /* MASViewConstraint.m in Sources */,
				F227C93C1ECC61E600D6ADDA /* MASViewAttribute.m in Sources */,
				F227C9401ECC61E600D6ADDA /* View+MASAdditions.m in Sources */,
				F227C9191ECC61B500D6ADDA /* QLHJDoubleColorLabel.m in Sources */,
				F289BDB91ECC5EE400E1239E /* main.m in Sources */,
				F227C9421ECC61E600D6ADDA /* README.md in Sources */,
				F227C9381ECC61E600D6ADDA /* MASCompositeConstraint.m in Sources */,
				F227C93F1ECC61E600D6ADDA /* NSLayoutConstraint+MASDebugAdditions.m in Sources */,
			);
			runOnlyForDeploymentPostprocessing = 0;
		};
		F289BDC91ECC5EE400E1239E /* Sources */ = {
			isa = PBXSourcesBuildPhase;
			buildActionMask = 2147483647;
			files = (
				F289BDD21ECC5EE400E1239E /* PGDoubleColorLabelTests.m in Sources */,
			);
			runOnlyForDeploymentPostprocessing = 0;
		};
		F289BDD41ECC5EE400E1239E /* Sources */ = {
			isa = PBXSourcesBuildPhase;
			buildActionMask = 2147483647;
			files = (
				F289BDDD1ECC5EE400E1239E /* PGDoubleColorLabelUITests.m in Sources */,
			);
			runOnlyForDeploymentPostprocessing = 0;
		};
/* End PBXSourcesBuildPhase section */

/* Begin PBXTargetDependency section */
		F289BDCF1ECC5EE400E1239E /* PBXTargetDependency */ = {
			isa = PBXTargetDependency;
			target = F289BDB31ECC5EE400E1239E /* PGDoubleColorLabel */;
			targetProxy = F289BDCE1ECC5EE400E1239E /* PBXContainerItemProxy */;
		};
		F289BDDA1ECC5EE400E1239E /* PBXTargetDependency */ = {
			isa = PBXTargetDependency;
			target = F289BDB31ECC5EE400E1239E /* PGDoubleColorLabel */;
			targetProxy = F289BDD91ECC5EE400E1239E /* PBXContainerItemProxy */;
		};
/* End PBXTargetDependency section */

/* Begin PBXVariantGroup section */
		F289BDC01ECC5EE400E1239E /* Main.storyboard */ = {
			isa = PBXVariantGroup;
			children = (
				F289BDC11ECC5EE400E1239E /* Base */,
			);
			name = Main.storyboard;
			sourceTree = "<group>";
		};
		F289BDC51ECC5EE400E1239E /* LaunchScreen.storyboard */ = {
			isa = PBXVariantGroup;
			children = (
				F289BDC61ECC5EE400E1239E /* Base */,
			);
			name = LaunchScreen.storyboard;
			sourceTree = "<group>";
		};
/* End PBXVariantGroup section */

/* Begin XCBuildConfiguration section */
		F289BDDF1ECC5EE400E1239E /* Debug */ = {
			isa = XCBuildConfiguration;
			buildSettings = {
				ALWAYS_SEARCH_USER_PATHS = NO;
				CLANG_ANALYZER_NONNULL = YES;
				CLANG_ANALYZER_NUMBER_OBJECT_CONVERSION = YES_AGGRESSIVE;
				CLANG_CXX_LANGUAGE_STANDARD = "gnu++0x";
				CLANG_CXX_LIBRARY = "libc++";
				CLANG_ENABLE_MODULES = YES;
				CLANG_ENABLE_OBJC_ARC = YES;
				CLANG_WARN_BOOL_CONVERSION = YES;
				CLANG_WARN_CONSTANT_CONVERSION = YES;
				CLANG_WARN_DIRECT_OBJC_ISA_USAGE = YES_ERROR;
				CLANG_WARN_DOCUMENTATION_COMMENTS = YES;
				CLANG_WARN_EMPTY_BODY = YES;
				CLANG_WARN_ENUM_CONVERSION = YES;
				CLANG_WARN_INFINITE_RECURSION = YES;
				CLANG_WARN_INT_CONVERSION = YES;
				CLANG_WARN_OBJC_ROOT_CLASS = YES_ERROR;
				CLANG_WARN_SUSPICIOUS_MOVE = YES;
				CLANG_WARN_UNREACHABLE_CODE = YES;
				CLANG_WARN__DUPLICATE_METHOD_MATCH = YES;
				"CODE_SIGN_IDENTITY[sdk=iphoneos*]" = "iPhone Developer";
				COPY_PHASE_STRIP = NO;
				DEBUG_INFORMATION_FORMAT = dwarf;
				ENABLE_STRICT_OBJC_MSGSEND = YES;
				ENABLE_TESTABILITY = YES;
				GCC_C_LANGUAGE_STANDARD = gnu99;
				GCC_DYNAMIC_NO_PIC = NO;
				GCC_NO_COMMON_BLOCKS = YES;
				GCC_OPTIMIZATION_LEVEL = 0;
				GCC_PREPROCESSOR_DEFINITIONS = (
					"DEBUG=1",
					"$(inherited)",
				);
				GCC_WARN_64_TO_32_BIT_CONVERSION = YES;
				GCC_WARN_ABOUT_RETURN_TYPE = YES_ERROR;
				GCC_WARN_UNDECLARED_SELECTOR = YES;
				GCC_WARN_UNINITIALIZED_AUTOS = YES_AGGRESSIVE;
				GCC_WARN_UNUSED_FUNCTION = YES;
				GCC_WARN_UNUSED_VARIABLE = YES;
				IPHONEOS_DEPLOYMENT_TARGET = 10.3;
				MTL_ENABLE_DEBUG_INFO = YES;
				ONLY_ACTIVE_ARCH = YES;
				SDKROOT = iphoneos;
			};
			name = Debug;
		};
		F289BDE01ECC5EE400E1239E /* Release */ = {
			isa = XCBuildConfiguration;
			buildSettings = {
				ALWAYS_SEARCH_USER_PATHS = NO;
				CLANG_ANALYZER_NONNULL = YES;
				CLANG_ANALYZER_NUMBER_OBJECT_CONVERSION = YES_AGGRESSIVE;
				CLANG_CXX_LANGUAGE_STANDARD = "gnu++0x";
				CLANG_CXX_LIBRARY = "libc++";
				CLANG_ENABLE_MODULES = YES;
				CLANG_ENABLE_OBJC_ARC = YES;
				CLANG_WARN_BOOL_CONVERSION = YES;
				CLANG_WARN_CONSTANT_CONVERSION = YES;
				CLANG_WARN_DIRECT_OBJC_ISA_USAGE = YES_ERROR;
				CLANG_WARN_DOCUMENTATION_COMMENTS = YES;
				CLANG_WARN_EMPTY_BODY = YES;
				CLANG_WARN_ENUM_CONVERSION = YES;
				CLANG_WARN_INFINITE_RECURSION = YES;
				CLANG_WARN_INT_CONVERSION = YES;
				CLANG_WARN_OBJC_ROOT_CLASS = YES_ERROR;
				CLANG_WARN_SUSPICIOUS_MOVE = YES;
				CLANG_WARN_UNREACHABLE_CODE = YES;
				CLANG_WARN__DUPLICATE_METHOD_MATCH = YES;
				"CODE_SIGN_IDENTITY[sdk=iphoneos*]" = "iPhone Developer";
				COPY_PHASE_STRIP = NO;
				DEBUG_INFORMATION_FORMAT = "dwarf-with-dsym";
				ENABLE_NS_ASSERTIONS = NO;
				ENABLE_STRICT_OBJC_MSGSEND = YES;
				GCC_C_LANGUAGE_STANDARD = gnu99;
				GCC_NO_COMMON_BLOCKS = YES;
				GCC_WARN_64_TO_32_BIT_CONVERSION = YES;
				GCC_WARN_ABOUT_RETURN_TYPE = YES_ERROR;
				GCC_WARN_UNDECLARED_SELECTOR = YES;
				GCC_WARN_UNINITIALIZED_AUTOS = YES_AGGRESSIVE;
				GCC_WARN_UNUSED_FUNCTION = YES;
				GCC_WARN_UNUSED_VARIABLE = YES;
				IPHONEOS_DEPLOYMENT_TARGET = 10.3;
				MTL_ENABLE_DEBUG_INFO = NO;
				SDKROOT = iphoneos;
				VALIDATE_PRODUCT = YES;
			};
			name = Release;
		};
		F289BDE21ECC5EE400E1239E /* Debug */ = {
			isa = XCBuildConfiguration;
			buildSettings = {
				ASSETCATALOG_COMPILER_APPICON_NAME = AppIcon;
				DEVELOPMENT_TEAM = Q6LCYLPS2K;
				INFOPLIST_FILE = PGDoubleColorLabel/Info.plist;
				LD_RUNPATH_SEARCH_PATHS = "$(inherited) @executable_path/Frameworks";
				PRODUCT_BUNDLE_IDENTIFIER = com.bacon.PGDoubleColorLabel;
				PRODUCT_NAME = "$(TARGET_NAME)";
			};
			name = Debug;
		};
		F289BDE31ECC5EE400E1239E /* Release */ = {
			isa = XCBuildConfiguration;
			buildSettings = {
				ASSETCATALOG_COMPILER_APPICON_NAME = AppIcon;
				DEVELOPMENT_TEAM = Q6LCYLPS2K;
				INFOPLIST_FILE = PGDoubleColorLabel/Info.plist;
				LD_RUNPATH_SEARCH_PATHS = "$(inherited) @executable_path/Frameworks";
				PRODUCT_BUNDLE_IDENTIFIER = com.bacon.PGDoubleColorLabel;
				PRODUCT_NAME = "$(TARGET_NAME)";
			};
			name = Release;
		};
		F289BDE51ECC5EE400E1239E /* Debug */ = {
			isa = XCBuildConfiguration;
			buildSettings = {
				BUNDLE_LOADER = "$(TEST_HOST)";
				DEVELOPMENT_TEAM = Q6LCYLPS2K;
				INFOPLIST_FILE = PGDoubleColorLabelTests/Info.plist;
				LD_RUNPATH_SEARCH_PATHS = "$(inherited) @executable_path/Frameworks @loader_path/Frameworks";
				PRODUCT_BUNDLE_IDENTIFIER = com.bacon.PGDoubleColorLabelTests;
				PRODUCT_NAME = "$(TARGET_NAME)";
				TEST_HOST = "$(BUILT_PRODUCTS_DIR)/PGDoubleColorLabel.app/PGDoubleColorLabel";
			};
			name = Debug;
		};
		F289BDE61ECC5EE400E1239E /* Release */ = {
			isa = XCBuildConfiguration;
			buildSettings = {
				BUNDLE_LOADER = "$(TEST_HOST)";
				DEVELOPMENT_TEAM = Q6LCYLPS2K;
				INFOPLIST_FILE = PGDoubleColorLabelTests/Info.plist;
				LD_RUNPATH_SEARCH_PATHS = "$(inherited) @executable_path/Frameworks @loader_path/Frameworks";
				PRODUCT_BUNDLE_IDENTIFIER = com.bacon.PGDoubleColorLabelTests;
				PRODUCT_NAME = "$(TARGET_NAME)";
				TEST_HOST = "$(BUILT_PRODUCTS_DIR)/PGDoubleColorLabel.app/PGDoubleColorLabel";
			};
			name = Release;
		};
		F289BDE81ECC5EE400E1239E /* Debug */ = {
			isa = XCBuildConfiguration;
			buildSettings = {
				DEVELOPMENT_TEAM = Q6LCYLPS2K;
				INFOPLIST_FILE = PGDoubleColorLabelUITests/Info.plist;
				LD_RUNPATH_SEARCH_PATHS = "$(inherited) @executable_path/Frameworks @loader_path/Frameworks";
				PRODUCT_BUNDLE_IDENTIFIER = com.bacon.PGDoubleColorLabelUITests;
				PRODUCT_NAME = "$(TARGET_NAME)";
				TEST_TARGET_NAME = PGDoubleColorLabel;
			};
			name = Debug;
		};
		F289BDE91ECC5EE400E1239E /* Release */ = {
			isa = XCBuildConfiguration;
			buildSettings = {
				DEVELOPMENT_TEAM = Q6LCYLPS2K;
				INFOPLIST_FILE = PGDoubleColorLabelUITests/Info.plist;
				LD_RUNPATH_SEARCH_PATHS = "$(inherited) @executable_path/Frameworks @loader_path/Frameworks";
				PRODUCT_BUNDLE_IDENTIFIER = com.bacon.PGDoubleColorLabelUITests;
				PRODUCT_NAME = "$(TARGET_NAME)";
				TEST_TARGET_NAME = PGDoubleColorLabel;
			};
			name = Release;
		};
/* End XCBuildConfiguration section */

/* Begin XCConfigurationList section */
		F289BDAF1ECC5EE400E1239E /* Build configuration list for PBXProject "PGDoubleColorLabel" */ = {
			isa = XCConfigurationList;
			buildConfigurations = (
				F289BDDF1ECC5EE400E1239E /* Debug */,
				F289BDE01ECC5EE400E1239E /* Release */,
			);
			defaultConfigurationIsVisible = 0;
			defaultConfigurationName = Release;
		};
		F289BDE11ECC5EE400E1239E /* Build configuration list for PBXNativeTarget "PGDoubleColorLabel" */ = {
			isa = XCConfigurationList;
			buildConfigurations = (
				F289BDE21ECC5EE400E1239E /* Debug */,
				F289BDE31ECC5EE400E1239E /* Release */,
			);
			defaultConfigurationIsVisible = 0;
			defaultConfigurationName = Release;
		};
		F289BDE41ECC5EE400E1239E /* Build configuration list for PBXNativeTarget "PGDoubleColorLabelTests" */ = {
			isa = XCConfigurationList;
			buildConfigurations = (
				F289BDE51ECC5EE400E1239E /* Debug */,
				F289BDE61ECC5EE400E1239E /* Release */,
			);
			defaultConfigurationIsVisible = 0;
			defaultConfigurationName = Release;
		};
		F289BDE71ECC5EE400E1239E /* Build configuration list for PBXNativeTarget "PGDoubleColorLabelUITests" */ = {
			isa = XCConfigurationList;
			buildConfigurations = (
				F289BDE81ECC5EE400E1239E /* Debug */,
				F289BDE91ECC5EE400E1239E /* Release */,
			);
			defaultConfigurationIsVisible = 0;
			defaultConfigurationName = Release;
		};
/* End XCConfigurationList section */
	};
	rootObject = F289BDAC1ECC5EE400E1239E /* Project object */;
}
